
Microsoft Visual Studio Solution File, Format Version 12.00
# Visual Studio Version 17
VisualStudioVersion = 17.9.34622.214
MinimumVisualStudioVersion = 10.0.40219.1
Project("{FAE04EC0-301F-11D3-BF4B-00C04F79EFBC}") = "Backend", "Backend\Backend.csproj", "{7ADAB886-607C-468B-A494-A9213E4A8ED9}"
EndProject
Global
	GlobalSection(SolutionConfigurationPlatforms) = preSolution
		Debug|Any CPU = Debug|Any CPU
		Release|Any CPU = Release|Any CPU
	EndGlobalSection
	GlobalSection(ProjectConfigurationPlatforms) = postSolution
		{7ADAB886-607C-468B-A494-A9213E4A8ED9}.Debug|Any CPU.ActiveCfg = Debug|Any CPU
		{7ADAB886-607C-468B-A494-A9213E4A8ED9}.Debug|Any CPU.Build.0 = Debug|Any CPU
		{7ADAB886-607C-468B-A494-A9213E4A8ED9}.Release|Any CPU.ActiveCfg = Release|Any CPU
		{7ADAB886-607C-468B-A494-A9213E4A8ED9}.Release|Any CPU.Build.0 = Release|Any CPU
	EndGlobalSection
	GlobalSection(SolutionProperties) = preSolution
		HideSolutionNode = FALSE
	EndGlobalSection
	GlobalSection(ExtensibilityGlobals) = postSolution
		SolutionGuid = {DF3D5B83-1F51-4EB9-90D6-B87AF5535AAE}
	EndGlobalSection
EndGlobal
